{
  "name": "kaiju",
  "version": "0.0.0",
  "lockfileVersion": 1,
  "requires": true,
  "dependencies": {
    "array-filter": {
      "version": "0.0.1",
      "resolved": "https://registry.npmjs.org/array-filter/-/array-filter-0.0.1.tgz",
      "integrity": "sha1-fajPLiZijtcygDWB/SH2fKzS7uw=",
      "dev": true
    },
    "array-map": {
      "version": "0.0.0",
      "resolved": "https://registry.npmjs.org/array-map/-/array-map-0.0.0.tgz",
      "integrity": "sha1-iKK6tz0c97zVwbEYoAP2b2ZfpmI=",
      "dev": true
    },
    "array-reduce": {
      "version": "0.0.0",
      "resolved": "https://registry.npmjs.org/array-reduce/-/array-reduce-0.0.0.tgz",
      "integrity": "sha1-FziZ0//Rx9k4PkR5Ul2+J4yrXys=",
      "dev": true
    },
    "commander": {
      "version": "2.9.0",
      "resolved": "https://registry.npmjs.org/commander/-/commander-2.9.0.tgz",
      "integrity": "sha1-nJkJQXbhIkDLItbFFGCYQA/g99Q=",
      "dev": true,
      "requires": {
        "graceful-readlink": "1.0.1"
      }
    },
    "eventemitter3": {
      "version": "1.2.0",
      "resolved": "https://registry.npmjs.org/eventemitter3/-/eventemitter3-1.2.0.tgz",
      "integrity": "sha1-HIaZHYFq0eUEdQ5zh0Ik7PO+xQg=",
      "dev": true
    },
    "foreman": {
      "version": "2.0.0",
      "resolved": "https://registry.npmjs.org/foreman/-/foreman-2.0.0.tgz",
      "integrity": "sha1-AKzSD5274vedBGl7zKKnfuAO4DE=",
      "dev": true,
      "requires": {
        "commander": "2.9.0",
        "http-proxy": "1.11.3",
        "mustache": "2.3.0",
        "shell-quote": "1.4.3"
      }
    },
    "graceful-readlink": {
      "version": "1.0.1",
      "resolved": "https://registry.npmjs.org/graceful-readlink/-/graceful-readlink-1.0.1.tgz",
      "integrity": "sha1-TK+tdrxi8C+gObL5Tpo906ORpyU=",
      "dev": true
    },
    "http-proxy": {
      "version": "1.11.3",
      "resolved": "https://registry.npmjs.org/http-proxy/-/http-proxy-1.11.3.tgz",
      "integrity": "sha1-GRXciIdR4qa/PCq/yxgI+obHI1M=",
      "dev": true,
      "requires": {
        "eventemitter3": "1.2.0",
        "requires-port": "0.0.1"
      }
    },
    "jsonify": {
      "version": "0.0.0",
      "resolved": "https://registry.npmjs.org/jsonify/-/jsonify-0.0.0.tgz",
      "integrity": "sha1-LHS27kHZPKUbe1qu6PUDYx0lKnM=",
      "dev": true
    },
    "mustache": {
      "version": "2.3.0",
      "resolved": "https://registry.npmjs.org/mustache/-/mustache-2.3.0.tgz",
      "integrity": "sha1-QCj3d4sXcIpImTCm5SrDvKDaQdA=",
      "dev": true
    },
    "requires-port": {
      "version": "0.0.1",
      "resolved": "https://registry.npmjs.org/requires-port/-/requires-port-0.0.1.tgz",
      "integrity": "sha1-S0QUQR2d98hVmV3YmajHiilRwW0=",
      "dev": true
    },
    "shell-quote": {
      "version": "1.4.3",
      "resolved": "https://registry.npmjs.org/shell-quote/-/shell-quote-1.4.3.tgz",
      "integrity": "sha1-lSxE4LHtkBPvU5WBecxkPod3Rms=",
      "dev": true,
      "requires": {
        "array-filter": "0.0.1",
        "array-map": "0.0.0",
        "array-reduce": "0.0.0",
        "jsonify": "0.0.0"
      }
    }
  }
}
